<?xml version="1.0" encoding="utf-8"?>
<Project ToolsVersion="4.0" xmlns="http://schemas.microsoft.com/developer/msbuild/2003">
  <ItemGroup>
    <Filter Include="Source Files">
      <UniqueIdentifier>{4FC737F1-C7A5-4376-A066-2A32D752A2FF}</UniqueIdentifier>
      <Extensions>cpp;c;cc;cxx;c++;cppm;ixx;def;odl;idl;hpj;bat;asm;asmx</Extensions>
    </Filter>
    <Filter Include="Header Files">
      <UniqueIdentifier>{93995380-89BD-4b04-88EB-625FBE52EBFB}</UniqueIdentifier>
      <Extensions>h;hh;hpp;hxx;h++;hm;inl;inc;ipp;xsd</Extensions>
    </Filter>
    <Filter Include="Resource Files">
      <UniqueIdentifier>{67DA6AB6-F800-4c08-8B7A-83BB121AAD01}</UniqueIdentifier>
      <Extensions>rc;ico;cur;bmp;dlg;rc2;rct;bin;rgs;gif;jpg;jpeg;jpe;resx;tiff;tif;png;wav;mfcribbon-ms</Extensions>
    </Filter>
  </ItemGroup>
  <ItemGroup>
    <ClInclude Include="framework.h">
      <Filter>Header Files</Filter>
    </ClInclude>
    <ClInclude Include="pch.h">
      <Filter>Header Files</Filter>
    </ClInclude>
    <ClInclude Include="S101.h">
      <Filter>Header Files</Filter>
    </ClInclude>
    <ClInclude Include="libS101.h">
      <Filter>Header Files</Filter>
    </ClInclude>
    <ClInclude Include="S100SpatialObject.h">
      <Filter>Header Files</Filter>
    </ClInclude>
    <ClInclude Include="SpatialObject.h">
      <Filter>Header Files</Filter>
    </ClInclude>
    <ClInclude Include="Enum_S100_FileType.h">
      <Filter>Header Files</Filter>
    </ClInclude>
    <ClInclude Include="Namespace_GISLibrary.h">
      <Filter>Header Files</Filter>
    </ClInclude>
    <ClInclude Include="Layer.h">
      <Filter>Header Files</Filter>
    </ClInclude>
    <ClInclude Include="R_DSGIR.h">
      <Filter>Header Files</Filter>
    </ClInclude>
    <ClInclude Include="F_DSID.h">
      <Filter>Header Files</Filter>
    </ClInclude>
    <ClInclude Include="F_DSSI.h">
      <Filter>Header Files</Filter>
    </ClInclude>
    <ClInclude Include="S100_Members.h">
      <Filter>Header Files</Filter>
    </ClInclude>
    <ClInclude Include="Record.h">
      <Filter>Header Files</Filter>
    </ClInclude>
    <ClInclude Include="R_FeatureRecord.h">
      <Filter>Header Files</Filter>
    </ClInclude>
    <ClInclude Include="R_InformationRecord.h">
      <Filter>Header Files</Filter>
    </ClInclude>
    <ClInclude Include="R_MultiPointRecord.h">
      <Filter>Header Files</Filter>
    </ClInclude>
    <ClInclude Include="R_PointRecord.h">
      <Filter>Header Files</Filter>
    </ClInclude>
    <ClInclude Include="R_SurfaceRecord.h">
      <Filter>Header Files</Filter>
    </ClInclude>
    <ClInclude Include="R_VectorRecord.h">
      <Filter>Header Files</Filter>
    </ClInclude>
    <ClInclude Include="F_MRID.h">
      <Filter>Header Files</Filter>
    </ClInclude>
    <ClInclude Include="RecordName.h">
      <Filter>Header Files</Filter>
    </ClInclude>
    <ClInclude Include="Field.h">
      <Filter>Header Files</Filter>
    </ClInclude>
    <ClInclude Include="R_DSCRS.h">
      <Filter>Header Files</Filter>
    </ClInclude>
    <ClInclude Include="DRDirectoryInfo.h">
      <Filter>Header Files</Filter>
    </ClInclude>
    <ClInclude Include="DRDirectoryInfoWriter.h">
      <Filter>Header Files</Filter>
    </ClInclude>
    <ClInclude Include="DRDirectoryWriter.h">
      <Filter>Header Files</Filter>
    </ClInclude>
    <ClInclude Include="F_GDAT.h">
      <Filter>Header Files</Filter>
    </ClInclude>
    <ClInclude Include="DRDirectory.h">
      <Filter>Header Files</Filter>
    </ClInclude>
    <ClInclude Include="NonPrintableCharacter.h">
      <Filter>Header Files</Filter>
    </ClInclude>
    <ClInclude Include="ISO8211Fuc.h">
      <Filter>Header Files</Filter>
    </ClInclude>
    <ClInclude Include="F_ATTR.h">
      <Filter>Header Files</Filter>
    </ClInclude>
    <ClInclude Include="CodeWithNumericCode.h">
      <Filter>Header Files</Filter>
    </ClInclude>
    <ClInclude Include="DRReaderWriter.h">
      <Filter>Header Files</Filter>
    </ClInclude>
    <ClInclude Include="F_CSID.h">
      <Filter>Header Files</Filter>
    </ClInclude>
    <ClInclude Include="F_SPAS.h">
      <Filter>Header Files</Filter>
    </ClInclude>
    <ClInclude Include="ATTR.h">
      <Filter>Header Files</Filter>
    </ClInclude>
    <ClInclude Include="F_MASK.h">
      <Filter>Header Files</Filter>
    </ClInclude>
    <ClInclude Include="MASK.h">
      <Filter>Header Files</Filter>
    </ClInclude>
    <ClInclude Include="SPAS.h">
      <Filter>Header Files</Filter>
    </ClInclude>
    <ClInclude Include="F_RIAS.h">
      <Filter>Header Files</Filter>
    </ClInclude>
    <ClInclude Include="RIAS.h">
      <Filter>Header Files</Filter>
    </ClInclude>
    <ClInclude Include="F_SRID.h">
      <Filter>Header Files</Filter>
    </ClInclude>
    <ClInclude Include="F_PRID.h">
      <Filter>Header Files</Filter>
    </ClInclude>
    <ClInclude Include="F_CSAX.h">
      <Filter>Header Files</Filter>
    </ClInclude>
    <ClInclude Include="F_PROJ.h">
      <Filter>Header Files</Filter>
    </ClInclude>
    <ClInclude Include="F_IRID.h">
      <Filter>Header Files</Filter>
    </ClInclude>
    <ClInclude Include="CSAX.h">
      <Filter>Header Files</Filter>
    </ClInclude>
    <ClInclude Include="F_FOID.h">
      <Filter>Header Files</Filter>
    </ClInclude>
    <ClInclude Include="F_FRID.h">
      <Filter>Header Files</Filter>
    </ClInclude>
    <ClInclude Include="OrientedCurveRecord.h">
      <Filter>Header Files</Filter>
    </ClInclude>
    <ClInclude Include="ObjectName.h">
      <Filter>Header Files</Filter>
    </ClInclude>
    <ClInclude Include="S100Utilities.h">
      <Filter>Header Files</Filter>
    </ClInclude>
    <ClInclude Include="S100CatalogFile.h">
      <Filter>Header Files</Filter>
    </ClInclude>
    <ClInclude Include="R_CurveRecord.h">
      <Filter>Header Files</Filter>
    </ClInclude>
    <ClInclude Include="R_CompositeRecord.h">
      <Filter>Header Files</Filter>
    </ClInclude>
    <ClInclude Include="F_CCID.h">
      <Filter>Header Files</Filter>
    </ClInclude>
    <ClInclude Include="F_CCOC.h">
      <Filter>Header Files</Filter>
    </ClInclude>
    <ClInclude Include="F_CUCO.h">
      <Filter>Header Files</Filter>
    </ClInclude>
    <ClInclude Include="F_C2IT.h">
      <Filter>Header Files</Filter>
    </ClInclude>
    <ClInclude Include="F_C3IT.h">
      <Filter>Header Files</Filter>
    </ClInclude>
    <ClInclude Include="CUCO.h">
      <Filter>Header Files</Filter>
    </ClInclude>
    <ClInclude Include="F_CRID.h">
      <Filter>Header Files</Filter>
    </ClInclude>
    <ClInclude Include="F_C2IL.h">
      <Filter>Header Files</Filter>
    </ClInclude>
    <ClInclude Include="F_COCC.h">
      <Filter>Header Files</Filter>
    </ClInclude>
    <ClInclude Include="F_C3IL.h">
      <Filter>Header Files</Filter>
    </ClInclude>
    <ClInclude Include="F_PTAS.h">
      <Filter>Header Files</Filter>
    </ClInclude>
    <ClInclude Include="PTAS.h">
      <Filter>Header Files</Filter>
    </ClInclude>
    <ClInclude Include="F_SECC.h">
      <Filter>Header Files</Filter>
    </ClInclude>
    <ClInclude Include="F_SEGH.h">
      <Filter>Header Files</Filter>
    </ClInclude>
    <ClInclude Include="DRReader.h">
      <Filter>Header Files</Filter>
    </ClInclude>
    <ClInclude Include="IC2D.h">
      <Filter>Header Files</Filter>
    </ClInclude>
    <ClInclude Include="C3IL.h">
      <Filter>Header Files</Filter>
    </ClInclude>
    <ClInclude Include="F_INAS.h">
      <Filter>Header Files</Filter>
    </ClInclude>
    <ClInclude Include="F_CodeWithNumericCode.h">
      <Filter>Header Files</Filter>
    </ClInclude>
    <ClInclude Include="F_VDAT.h">
      <Filter>Header Files</Filter>
    </ClInclude>
    <ClInclude Include="F_FASC.h">
      <Filter>Header Files</Filter>
    </ClInclude>
    <ClInclude Include="FASC.h">
      <Filter>Header Files</Filter>
    </ClInclude>
    <ClInclude Include="F_CRSH.h">
      <Filter>Header Files</Filter>
    </ClInclude>
    <ClInclude Include="DDR.h">
      <Filter>Header Files</Filter>
    </ClInclude>
    <ClInclude Include="S100Layer.h">
      <Filter>Header Files</Filter>
    </ClInclude>
    <ClInclude Include="Catalog.h">
      <Filter>Header Files</Filter>
    </ClInclude>
    <ClInclude Include="PortrayalCatalogue.h">
      <Filter>Header Files</Filter>
    </ClInclude>
    <ClInclude Include="FeatureCatalogue.h">
      <Filter>Header Files</Filter>
    </ClInclude>
    <ClInclude Include="SimpleAttribute.h">
      <Filter>Header Files</Filter>
    </ClInclude>
    <ClInclude Include="SimpleAttributes.h">
      <Filter>Header Files</Filter>
    </ClInclude>
    <ClInclude Include="ListedValue.h">
      <Filter>Header Files</Filter>
    </ClInclude>
    <ClInclude Include="ListedValues.h">
      <Filter>Header Files</Filter>
    </ClInclude>
    <ClInclude Include="XML_Item.h">
      <Filter>Header Files</Filter>
    </ClInclude>
    <ClInclude Include="MBR.h">
      <Filter>Header Files</Filter>
    </ClInclude>
    <ClInclude Include="SCommonFuction.h">
      <Filter>Header Files</Filter>
    </ClInclude>
    <ClInclude Include="SCompositeCurve.h">
      <Filter>Header Files</Filter>
    </ClInclude>
    <ClInclude Include="SCurve.h">
      <Filter>Header Files</Filter>
    </ClInclude>
    <ClInclude Include="SPoint.h">
      <Filter>Header Files</Filter>
    </ClInclude>
    <ClInclude Include="SSurface.h">
      <Filter>Header Files</Filter>
    </ClInclude>
    <ClInclude Include="SGeometry.h">
      <Filter>Header Files</Filter>
    </ClInclude>
    <ClInclude Include="GeoPoint.h">
      <Filter>Header Files</Filter>
    </ClInclude>
    <ClInclude Include="Scaler.h">
      <Filter>Header Files</Filter>
    </ClInclude>
    <ClInclude Include="XML_Attribute.h">
      <Filter>Header Files</Filter>
    </ClInclude>
  </ItemGroup>
  <ItemGroup>
    <ClCompile Include="pch.cpp">
      <Filter>Source Files</Filter>
    </ClCompile>
    <ClCompile Include="S101.cpp">
      <Filter>Source Files</Filter>
    </ClCompile>
    <ClCompile Include="S100SpatialObject.cpp">
      <Filter>Source Files</Filter>
    </ClCompile>
    <ClCompile Include="SpatialObject.cpp">
      <Filter>Source Files</Filter>
    </ClCompile>
    <ClCompile Include="Layer.cpp">
      <Filter>Source Files</Filter>
    </ClCompile>
    <ClCompile Include="R_DSGIR.cpp">
      <Filter>Source Files</Filter>
    </ClCompile>
    <ClCompile Include="F_DSSI.cpp">
      <Filter>Source Files</Filter>
    </ClCompile>
    <ClCompile Include="F_DSID.cpp">
      <Filter>Source Files</Filter>
    </ClCompile>
    <ClCompile Include="S100_Members.cpp">
      <Filter>Source Files</Filter>
    </ClCompile>
    <ClCompile Include="Record.cpp">
      <Filter>Source Files</Filter>
    </ClCompile>
    <ClCompile Include="R_InformationRecord.cpp">
      <Filter>Source Files</Filter>
    </ClCompile>
    <ClCompile Include="R_FeatureRecord.cpp">
      <Filter>Source Files</Filter>
    </ClCompile>
    <ClCompile Include="R_MultiPointRecord.cpp">
      <Filter>Source Files</Filter>
    </ClCompile>
    <ClCompile Include="R_PointRecord.cpp">
      <Filter>Source Files</Filter>
    </ClCompile>
    <ClCompile Include="R_SurfaceRecord.cpp">
      <Filter>Source Files</Filter>
    </ClCompile>
    <ClCompile Include="R_VectorRecord.cpp">
      <Filter>Source Files</Filter>
    </ClCompile>
    <ClCompile Include="F_MRID.cpp">
      <Filter>Source Files</Filter>
    </ClCompile>
    <ClCompile Include="RecordName.cpp">
      <Filter>Source Files</Filter>
    </ClCompile>
    <ClCompile Include="Field.cpp">
      <Filter>Source Files</Filter>
    </ClCompile>
    <ClCompile Include="R_DSCRS.cpp">
      <Filter>Source Files</Filter>
    </ClCompile>
    <ClCompile Include="DRDirectoryInfoWriter.cpp">
      <Filter>Source Files</Filter>
    </ClCompile>
    <ClCompile Include="DRDirectoryInfo.cpp">
      <Filter>Source Files</Filter>
    </ClCompile>
    <ClCompile Include="DRDirectoryWriter.cpp">
      <Filter>Source Files</Filter>
    </ClCompile>
    <ClCompile Include="ISO8211Fuc.cpp">
      <Filter>Source Files</Filter>
    </ClCompile>
    <ClCompile Include="F_ATTR.cpp">
      <Filter>Source Files</Filter>
    </ClCompile>
    <ClCompile Include="CodeWithNumericCode.cpp">
      <Filter>Source Files</Filter>
    </ClCompile>
    <ClCompile Include="DRReaderWriter.cpp">
      <Filter>Source Files</Filter>
    </ClCompile>
    <ClCompile Include="F_CSID.cpp">
      <Filter>Source Files</Filter>
    </ClCompile>
    <ClCompile Include="F_SPAS.cpp">
      <Filter>Source Files</Filter>
    </ClCompile>
    <ClCompile Include="ATTR.cpp">
      <Filter>Source Files</Filter>
    </ClCompile>
    <ClCompile Include="F_MASK.cpp">
      <Filter>Source Files</Filter>
    </ClCompile>
    <ClCompile Include="MASK.cpp">
      <Filter>Source Files</Filter>
    </ClCompile>
    <ClCompile Include="SPAS.cpp">
      <Filter>Source Files</Filter>
    </ClCompile>
    <ClCompile Include="F_RIAS.cpp">
      <Filter>Source Files</Filter>
    </ClCompile>
    <ClCompile Include="RIAS.cpp">
      <Filter>Source Files</Filter>
    </ClCompile>
    <ClCompile Include="F_SRID.cpp">
      <Filter>Source Files</Filter>
    </ClCompile>
    <ClCompile Include="F_PRID.cpp">
      <Filter>Source Files</Filter>
    </ClCompile>
    <ClCompile Include="F_CSAX.cpp">
      <Filter>Source Files</Filter>
    </ClCompile>
    <ClCompile Include="F_PROJ.cpp">
      <Filter>Source Files</Filter>
    </ClCompile>
    <ClCompile Include="F_IRID.cpp">
      <Filter>Source Files</Filter>
    </ClCompile>
    <ClCompile Include="CSAX.cpp">
      <Filter>Source Files</Filter>
    </ClCompile>
    <ClCompile Include="F_FOID.cpp">
      <Filter>Source Files</Filter>
    </ClCompile>
    <ClCompile Include="F_FRID.cpp">
      <Filter>Source Files</Filter>
    </ClCompile>
    <ClCompile Include="OrientedCurveRecord.cpp">
      <Filter>Source Files</Filter>
    </ClCompile>
    <ClCompile Include="ObjectName.cpp">
      <Filter>Source Files</Filter>
    </ClCompile>
    <ClCompile Include="S100Utilities.cpp">
      <Filter>Source Files</Filter>
    </ClCompile>
    <ClCompile Include="S100CatalogFile.cpp">
      <Filter>Source Files</Filter>
    </ClCompile>
    <ClCompile Include="R_CurveRecord.cpp">
      <Filter>Source Files</Filter>
    </ClCompile>
    <ClCompile Include="R_CompositeRecord.cpp">
      <Filter>Source Files</Filter>
    </ClCompile>
    <ClCompile Include="F_CCID.cpp">
      <Filter>Source Files</Filter>
    </ClCompile>
    <ClCompile Include="F_CCOC.cpp">
      <Filter>Source Files</Filter>
    </ClCompile>
    <ClCompile Include="F_CUCO.cpp">
      <Filter>Source Files</Filter>
    </ClCompile>
    <ClCompile Include="F_C2IT.cpp">
      <Filter>Source Files</Filter>
    </ClCompile>
    <ClCompile Include="F_C3IT.cpp">
      <Filter>Source Files</Filter>
    </ClCompile>
    <ClCompile Include="CUCO.cpp">
      <Filter>Source Files</Filter>
    </ClCompile>
    <ClCompile Include="F_CRID.cpp">
      <Filter>Source Files</Filter>
    </ClCompile>
    <ClCompile Include="F_C2IL.cpp">
      <Filter>Source Files</Filter>
    </ClCompile>
    <ClCompile Include="F_COCC.cpp">
      <Filter>Source Files</Filter>
    </ClCompile>
    <ClCompile Include="F_C3IL.cpp">
      <Filter>Source Files</Filter>
    </ClCompile>
    <ClCompile Include="F_PTAS.cpp">
      <Filter>Source Files</Filter>
    </ClCompile>
    <ClCompile Include="PTAS.cpp">
      <Filter>Source Files</Filter>
    </ClCompile>
    <ClCompile Include="F_SECC.cpp">
      <Filter>Source Files</Filter>
    </ClCompile>
    <ClCompile Include="F_SEGH.cpp">
      <Filter>Source Files</Filter>
    </ClCompile>
    <ClCompile Include="DRReader.cpp">
      <Filter>Source Files</Filter>
    </ClCompile>
    <ClCompile Include="IC2D.cpp">
      <Filter>Source Files</Filter>
    </ClCompile>
    <ClCompile Include="C3IL.cpp">
      <Filter>Source Files</Filter>
    </ClCompile>
    <ClCompile Include="F_INAS.cpp">
      <Filter>Source Files</Filter>
    </ClCompile>
    <ClCompile Include="F_CodeWithNumericCode.cpp">
      <Filter>Source Files</Filter>
    </ClCompile>
    <ClCompile Include="F_VDAT.cpp">
      <Filter>Source Files</Filter>
    </ClCompile>
    <ClCompile Include="F_FASC.cpp">
      <Filter>Source Files</Filter>
    </ClCompile>
    <ClCompile Include="FASC.cpp">
      <Filter>Source Files</Filter>
    </ClCompile>
    <ClCompile Include="F_CRSH.cpp">
      <Filter>Source Files</Filter>
    </ClCompile>
    <ClCompile Include="F_GDAT.cpp">
      <Filter>Source Files</Filter>
    </ClCompile>
    <ClCompile Include="DDR.cpp">
      <Filter>Source Files</Filter>
    </ClCompile>
    <ClCompile Include="S100Layer.cpp">
      <Filter>Source Files</Filter>
    </ClCompile>
    <ClCompile Include="Catalog.cpp">
      <Filter>Source Files</Filter>
    </ClCompile>
    <ClCompile Include="PortrayalCatalogue.cpp">
      <Filter>Source Files</Filter>
    </ClCompile>
    <ClCompile Include="FeatureCatalogue.cpp">
      <Filter>Source Files</Filter>
    </ClCompile>
    <ClCompile Include="SimpleAttribute.cpp">
      <Filter>Source Files</Filter>
    </ClCompile>
    <ClCompile Include="SimpleAttributes.cpp">
      <Filter>Source Files</Filter>
    </ClCompile>
    <ClCompile Include="ListedValue.cpp">
      <Filter>Source Files</Filter>
    </ClCompile>
    <ClCompile Include="ListedValues.cpp">
      <Filter>Source Files</Filter>
    </ClCompile>
    <ClCompile Include="XML_Item.cpp">
      <Filter>Source Files</Filter>
    </ClCompile>
    <ClCompile Include="MBR.cpp">
      <Filter>Source Files</Filter>
    </ClCompile>
    <ClCompile Include="SCommonFuction.cpp">
      <Filter>Source Files</Filter>
    </ClCompile>
    <ClCompile Include="SCompositeCurve.cpp">
      <Filter>Source Files</Filter>
    </ClCompile>
    <ClCompile Include="SCurve.cpp">
      <Filter>Source Files</Filter>
    </ClCompile>
    <ClCompile Include="SPoint.cpp">
      <Filter>Source Files</Filter>
    </ClCompile>
    <ClCompile Include="SSurface.cpp">
      <Filter>Source Files</Filter>
    </ClCompile>
    <ClCompile Include="SGeometry.cpp">
      <Filter>Source Files</Filter>
    </ClCompile>
    <ClCompile Include="GeoPoint.cpp">
      <Filter>Source Files</Filter>
    </ClCompile>
    <ClCompile Include="Scaler.cpp">
      <Filter>Source Files</Filter>
    </ClCompile>
    <ClCompile Include="XML_Attribute.cpp">
      <Filter>Source Files</Filter>
    </ClCompile>
  </ItemGroup>
</Project>